// !$*UTF8*$!
{
	archiveVersion = 1;
	classes = {
	};
	objectVersion = 56;
	objects = {

/* Begin PBXBuildFile section */
		A11DCEB12AF067A500DC3F75 /* blah2App.swift in Sources */ = {isa = PBXBuildFile; fileRef = A11DCEB02AF067A500DC3F75 /* blah2App.swift */; };
		A11DCEB52AF067A700DC3F75 /* Assets.xcassets in Resources */ = {isa = PBXBuildFile; fileRef = A11DCEB42AF067A700DC3F75 /* Assets.xcassets */; };
		A11DCEB82AF067A700DC3F75 /* Preview Assets.xcassets in Resources */ = {isa = PBXBuildFile; fileRef = A11DCEB72AF067A700DC3F75 /* Preview Assets.xcassets */; };
		A11DCEC02AF0695E00DC3F75 /* Result.swift in Sources */ = {isa = PBXBuildFile; fileRef = A11DCEBF2AF0695E00DC3F75 /* Result.swift */; };
		A11DCEC22AF0808900DC3F75 /* Message.swift in Sources */ = {isa = PBXBuildFile; fileRef = A11DCEC12AF0808900DC3F75 /* Message.swift */; };
		A11DCEC42AF0884300DC3F75 /* Bytes.swift in Sources */ = {isa = PBXBuildFile; fileRef = A11DCEC32AF0884300DC3F75 /* Bytes.swift */; };
		A11DCEC62AF0899A00DC3F75 /* Question.swift in Sources */ = {isa = PBXBuildFile; fileRef = A11DCEC52AF0899A00DC3F75 /* Question.swift */; };
		A11DCEC82AF08A3500DC3F75 /* IP.swift in Sources */ = {isa = PBXBuildFile; fileRef = A11DCEC72AF08A3500DC3F75 /* IP.swift */; };
		A11DCECA2AF08C1300DC3F75 /* Data+Extensions.swift in Sources */ = {isa = PBXBuildFile; fileRef = A11DCEC92AF08C1300DC3F75 /* Data+Extensions.swift */; };
		A11DCECC2AF09FA900DC3F75 /* Integer+Data.swift in Sources */ = {isa = PBXBuildFile; fileRef = A11DCECB2AF09FA900DC3F75 /* Integer+Data.swift */; };
		A11DCECE2AF0AEDB00DC3F75 /* ResultRow.swift in Sources */ = {isa = PBXBuildFile; fileRef = A11DCECD2AF0AEDB00DC3F75 /* ResultRow.swift */; };
		A11DCED02AF0B26A00DC3F75 /* ResultList.swift in Sources */ = {isa = PBXBuildFile; fileRef = A11DCECF2AF0B26A00DC3F75 /* ResultList.swift */; };
/* End PBXBuildFile section */

/* Begin PBXFileReference section */
		A11DCEAD2AF067A500DC3F75 /* blah2.app */ = {isa = PBXFileReference; explicitFileType = wrapper.application; includeInIndex = 0; path = blah2.app; sourceTree = BUILT_PRODUCTS_DIR; };
		A11DCEB02AF067A500DC3F75 /* blah2App.swift */ = {isa = PBXFileReference; lastKnownFileType = sourcecode.swift; path = blah2App.swift; sourceTree = "<group>"; };
		A11DCEB42AF067A700DC3F75 /* Assets.xcassets */ = {isa = PBXFileReference; lastKnownFileType = folder.assetcatalog; path = Assets.xcassets; sourceTree = "<group>"; };
		A11DCEB72AF067A700DC3F75 /* Preview Assets.xcassets */ = {isa = PBXFileReference; lastKnownFileType = folder.assetcatalog; path = "Preview Assets.xcassets"; sourceTree = "<group>"; };
		A11DCEB92AF067A700DC3F75 /* blah2.entitlements */ = {isa = PBXFileReference; lastKnownFileType = text.plist.entitlements; path = blah2.entitlements; sourceTree = "<group>"; };
		A11DCEBF2AF0695E00DC3F75 /* Result.swift */ = {isa = PBXFileReference; lastKnownFileType = sourcecode.swift; path = Result.swift; sourceTree = "<group>"; };
		A11DCEC12AF0808900DC3F75 /* Message.swift */ = {isa = PBXFileReference; lastKnownFileType = sourcecode.swift; path = Message.swift; sourceTree = "<group>"; };
		A11DCEC32AF0884300DC3F75 /* Bytes.swift */ = {isa = PBXFileReference; lastKnownFileType = sourcecode.swift; path = Bytes.swift; sourceTree = "<group>"; };
		A11DCEC52AF0899A00DC3F75 /* Question.swift */ = {isa = PBXFileReference; lastKnownFileType = sourcecode.swift; path = Question.swift; sourceTree = "<group>"; };
		A11DCEC72AF08A3500DC3F75 /* IP.swift */ = {isa = PBXFileReference; lastKnownFileType = sourcecode.swift; path = IP.swift; sourceTree = "<group>"; };
		A11DCEC92AF08C1300DC3F75 /* Data+Extensions.swift */ = {isa = PBXFileReference; lastKnownFileType = sourcecode.swift; path = "Data+Extensions.swift"; sourceTree = "<group>"; };
		A11DCECB2AF09FA900DC3F75 /* Integer+Data.swift */ = {isa = PBXFileReference; lastKnownFileType = sourcecode.swift; path = "Integer+Data.swift"; sourceTree = "<group>"; };
		A11DCECD2AF0AEDB00DC3F75 /* ResultRow.swift */ = {isa = PBXFileReference; lastKnownFileType = sourcecode.swift; path = ResultRow.swift; sourceTree = "<group>"; };
		A11DCECF2AF0B26A00DC3F75 /* ResultList.swift */ = {isa = PBXFileReference; lastKnownFileType = sourcecode.swift; path = ResultList.swift; sourceTree = "<group>"; };
/* End PBXFileReference section */

/* Begin PBXFrameworksBuildPhase section */
		A11DCEAA2AF067A500DC3F75 /* Frameworks */ = {
			isa = PBXFrameworksBuildPhase;
			buildActionMask = 2147483647;
			files = (
			);
			runOnlyForDeploymentPostprocessing = 0;
		};
/* End PBXFrameworksBuildPhase section */

/* Begin PBXGroup section */
		A11DCEA42AF067A500DC3F75 = {
			isa = PBXGroup;
			children = (
				A11DCEAF2AF067A500DC3F75 /* blah2 */,
				A11DCEAE2AF067A500DC3F75 /* Products */,
			);
			sourceTree = "<group>";
		};
		A11DCEAE2AF067A500DC3F75 /* Products */ = {
			isa = PBXGroup;
			children = (
				A11DCEAD2AF067A500DC3F75 /* blah2.app */,
			);
			name = Products;
			sourceTree = "<group>";
		};
		A11DCEAF2AF067A500DC3F75 /* blah2 */ = {
			isa = PBXGroup;
			children = (
				A11DCEB02AF067A500DC3F75 /* blah2App.swift */,
				A11DCEC52AF0899A00DC3F75 /* Question.swift */,
				A11DCEC72AF08A3500DC3F75 /* IP.swift */,
				A11DCEC32AF0884300DC3F75 /* Bytes.swift */,
				A11DCEC92AF08C1300DC3F75 /* Data+Extensions.swift */,
				A11DCECB2AF09FA900DC3F75 /* Integer+Data.swift */,
				A11DCEC12AF0808900DC3F75 /* Message.swift */,
				A11DCEBF2AF0695E00DC3F75 /* Result.swift */,
				A11DCECD2AF0AEDB00DC3F75 /* ResultRow.swift */,
				A11DCECF2AF0B26A00DC3F75 /* ResultList.swift */,
				A11DCEB42AF067A700DC3F75 /* Assets.xcassets */,
				A11DCEB92AF067A700DC3F75 /* blah2.entitlements */,
				A11DCEB62AF067A700DC3F75 /* Preview Content */,
			);
			path = blah2;
			sourceTree = "<group>";
		};
		A11DCEB62AF067A700DC3F75 /* Preview Content */ = {
			isa = PBXGroup;
			children = (
				A11DCEB72AF067A700DC3F75 /* Preview Assets.xcassets */,
			);
			path = "Preview Content";
			sourceTree = "<group>";
		};
/* End PBXGroup section */

/* Begin PBXNativeTarget section */
		A11DCEAC2AF067A500DC3F75 /* blah2 */ = {
			isa = PBXNativeTarget;
			buildConfigurationList = A11DCEBC2AF067A700DC3F75 /* Build configuration list for PBXNativeTarget "blah2" */;
			buildPhases = (
				A11DCEA92AF067A500DC3F75 /* Sources */,
				A11DCEAA2AF067A500DC3F75 /* Frameworks */,
				A11DCEAB2AF067A500DC3F75 /* Resources */,
			);
			buildRules = (
			);
			dependencies = (
			);
			name = blah2;
			productName = blah2;
			productReference = A11DCEAD2AF067A500DC3F75 /* blah2.app */;
			productType = "com.apple.product-type.application";
		};
/* End PBXNativeTarget section */

/* Begin PBXProject section */
		A11DCEA52AF067A500DC3F75 /* Project object */ = {
			isa = PBXProject;
			attributes = {
				BuildIndependentTargetsInParallel = 1;
				LastSwiftUpdateCheck = 1500;
				LastUpgradeCheck = 1500;
				TargetAttributes = {
					A11DCEAC2AF067A500DC3F75 = {
						CreatedOnToolsVersion = 15.0.1;
					};
				};
			};
			buildConfigurationList = A11DCEA82AF067A500DC3F75 /* Build configuration list for PBXProject "blah2" */;
			compatibilityVersion = "Xcode 14.0";
			developmentRegion = en;
			hasScannedForEncodings = 0;
			knownRegions = (
				en,
				Base,
			);
			mainGroup = A11DCEA42AF067A500DC3F75;
			productRefGroup = A11DCEAE2AF067A500DC3F75 /* Products */;
			projectDirPath = "";
			projectRoot = "";
			targets = (
				A11DCEAC2AF067A500DC3F75 /* blah2 */,
			);
		};
/* End PBXProject section */

/* Begin PBXResourcesBuildPhase section */
		A11DCEAB2AF067A500DC3F75 /* Resources */ = {
			isa = PBXResourcesBuildPhase;
			buildActionMask = 2147483647;
			files = (
				A11DCEB82AF067A700DC3F75 /* Preview Assets.xcassets in Resources */,
				A11DCEB52AF067A700DC3F75 /* Assets.xcassets in Resources */,
			);
			runOnlyForDeploymentPostprocessing = 0;
		};
/* End PBXResourcesBuildPhase section */

/* Begin PBXSourcesBuildPhase section */
		A11DCEA92AF067A500DC3F75 /* Sources */ = {
			isa = PBXSourcesBuildPhase;
			buildActionMask = 2147483647;
			files = (
				A11DCEC82AF08A3500DC3F75 /* IP.swift in Sources */,
				A11DCEC02AF0695E00DC3F75 /* Result.swift in Sources */,
				A11DCEC22AF0808900DC3F75 /* Message.swift in Sources */,
				A11DCEC42AF0884300DC3F75 /* Bytes.swift in Sources */,
				A11DCED02AF0B26A00DC3F75 /* ResultList.swift in Sources */,
				A11DCEC62AF0899A00DC3F75 /* Question.swift in Sources */,
				A11DCECE2AF0AEDB00DC3F75 /* ResultRow.swift in Sources */,
				A11DCECA2AF08C1300DC3F75 /* Data+Extensions.swift in Sources */,
				A11DCECC2AF09FA900DC3F75 /* Integer+Data.swift in Sources */,
				A11DCEB12AF067A500DC3F75 /* blah2App.swift in Sources */,
			);
			runOnlyForDeploymentPostprocessing = 0;
		};
/* End PBXSourcesBuildPhase section */

/* Begin XCBuildConfiguration section */
		A11DCEBA2AF067A700DC3F75 /* Debug */ = {
			isa = XCBuildConfiguration;
			buildSettings = {
				ALWAYS_SEARCH_USER_PATHS = NO;
				ASSETCATALOG_COMPILER_GENERATE_SWIFT_ASSET_SYMBOL_EXTENSIONS = YES;
				CLANG_ANALYZER_NONNULL = YES;
				CLANG_ANALYZER_NUMBER_OBJECT_CONVERSION = YES_AGGRESSIVE;
				CLANG_CXX_LANGUAGE_STANDARD = "gnu++20";
				CLANG_ENABLE_MODULES = YES;
				CLANG_ENABLE_OBJC_ARC = YES;
				CLANG_ENABLE_OBJC_WEAK = YES;
				CLANG_WARN_BLOCK_CAPTURE_AUTORELEASING = YES;
				CLANG_WARN_BOOL_CONVERSION = YES;
				CLANG_WARN_COMMA = YES;
				CLANG_WARN_CONSTANT_CONVERSION = YES;
				CLANG_WARN_DEPRECATED_OBJC_IMPLEMENTATIONS = YES;
				CLANG_WARN_DIRECT_OBJC_ISA_USAGE = YES_ERROR;
				CLANG_WARN_DOCUMENTATION_COMMENTS = YES;
				CLANG_WARN_EMPTY_BODY = YES;
				CLANG_WARN_ENUM_CONVERSION = YES;
				CLANG_WARN_INFINITE_RECURSION = YES;
				CLANG_WARN_INT_CONVERSION = YES;
				CLANG_WARN_NON_LITERAL_NULL_CONVERSION = YES;
				CLANG_WARN_OBJC_IMPLICIT_RETAIN_SELF = YES;
				CLANG_WARN_OBJC_LITERAL_CONVERSION = YES;
				CLANG_WARN_OBJC_ROOT_CLASS = YES_ERROR;
				CLANG_WARN_QUOTED_INCLUDE_IN_FRAMEWORK_HEADER = YES;
				CLANG_WARN_RANGE_LOOP_ANALYSIS = YES;
				CLANG_WARN_STRICT_PROTOTYPES = YES;
				CLANG_WARN_SUSPICIOUS_MOVE = YES;
				CLANG_WARN_UNGUARDED_AVAILABILITY = YES_AGGRESSIVE;
				CLANG_WARN_UNREACHABLE_CODE = YES;
				CLANG_WARN__DUPLICATE_METHOD_MATCH = YES;
				COPY_PHASE_STRIP = NO;
				DEBUG_INFORMATION_FORMAT = dwarf;
				ENABLE_STRICT_OBJC_MSGSEND = YES;
				ENABLE_TESTABILITY = YES;
				ENABLE_USER_SCRIPT_SANDBOXING = YES;
				GCC_C_LANGUAGE_STANDARD = gnu17;
				GCC_DYNAMIC_NO_PIC = NO;
				GCC_NO_COMMON_BLOCKS = YES;
				GCC_OPTIMIZATION_LEVEL = 0;
				GCC_PREPROCESSOR_DEFINITIONS = (
					"DEBUG=1",
					"$(inherited)",
				);
				GCC_WARN_64_TO_32_BIT_CONVERSION = YES;
				GCC_WARN_ABOUT_RETURN_TYPE = YES_ERROR;
				GCC_WARN_UNDECLARED_SELECTOR = YES;
				GCC_WARN_UNINITIALIZED_AUTOS = YES_AGGRESSIVE;
				GCC_WARN_UNUSED_FUNCTION = YES;
				GCC_WARN_UNUSED_VARIABLE = YES;
				LOCALIZATION_PREFERS_STRING_CATALOGS = YES;
				MACOSX_DEPLOYMENT_TARGET = 14.0;
				MTL_ENABLE_DEBUG_INFO = INCLUDE_SOURCE;
				MTL_FAST_MATH = YES;
				ONLY_ACTIVE_ARCH = YES;
				SDKROOT = macosx;
				SWIFT_ACTIVE_COMPILATION_CONDITIONS = "DEBUG $(inherited)";
				SWIFT_OPTIMIZATION_LEVEL = "-Onone";
			};
			name = Debug;
		};
		A11DCEBB2AF067A700DC3F75 /* Release */ = {
			isa = XCBuildConfiguration;
			buildSettings = {
				ALWAYS_SEARCH_USER_PATHS = NO;
				ASSETCATALOG_COMPILER_GENERATE_SWIFT_ASSET_SYMBOL_EXTENSIONS = YES;
				CLANG_ANALYZER_NONNULL = YES;
				CLANG_ANALYZER_NUMBER_OBJECT_CONVERSION = YES_AGGRESSIVE;
				CLANG_CXX_LANGUAGE_STANDARD = "gnu++20";
				CLANG_ENABLE_MODULES = YES;
				CLANG_ENABLE_OBJC_ARC = YES;
				CLANG_ENABLE_OBJC_WEAK = YES;
				CLANG_WARN_BLOCK_CAPTURE_AUTORELEASING = YES;
				CLANG_WARN_BOOL_CONVERSION = YES;
				CLANG_WARN_COMMA = YES;
				CLANG_WARN_CONSTANT_CONVERSION = YES;
				CLANG_WARN_DEPRECATED_OBJC_IMPLEMENTATIONS = YES;
				CLANG_WARN_DIRECT_OBJC_ISA_USAGE = YES_ERROR;
				CLANG_WARN_DOCUMENTATION_COMMENTS = YES;
				CLANG_WARN_EMPTY_BODY = YES;
				CLANG_WARN_ENUM_CONVERSION = YES;
				CLANG_WARN_INFINITE_RECURSION = YES;
				CLANG_WARN_INT_CONVERSION = YES;
				CLANG_WARN_NON_LITERAL_NULL_CONVERSION = YES;
				CLANG_WARN_OBJC_IMPLICIT_RETAIN_SELF = YES;
				CLANG_WARN_OBJC_LITERAL_CONVERSION = YES;
				CLANG_WARN_OBJC_ROOT_CLASS = YES_ERROR;
				CLANG_WARN_QUOTED_INCLUDE_IN_FRAMEWORK_HEADER = YES;
				CLANG_WARN_RANGE_LOOP_ANALYSIS = YES;
				CLANG_WARN_STRICT_PROTOTYPES = YES;
				CLANG_WARN_SUSPICIOUS_MOVE = YES;
				CLANG_WARN_UNGUARDED_AVAILABILITY = YES_AGGRESSIVE;
				CLANG_WARN_UNREACHABLE_CODE = YES;
				CLANG_WARN__DUPLICATE_METHOD_MATCH = YES;
				COPY_PHASE_STRIP = NO;
				DEBUG_INFORMATION_FORMAT = "dwarf-with-dsym";
				ENABLE_NS_ASSERTIONS = NO;
				ENABLE_STRICT_OBJC_MSGSEND = YES;
				ENABLE_USER_SCRIPT_SANDBOXING = YES;
				GCC_C_LANGUAGE_STANDARD = gnu17;
				GCC_NO_COMMON_BLOCKS = YES;
				GCC_WARN_64_TO_32_BIT_CONVERSION = YES;
				GCC_WARN_ABOUT_RETURN_TYPE = YES_ERROR;
				GCC_WARN_UNDECLARED_SELECTOR = YES;
				GCC_WARN_UNINITIALIZED_AUTOS = YES_AGGRESSIVE;
				GCC_WARN_UNUSED_FUNCTION = YES;
				GCC_WARN_UNUSED_VARIABLE = YES;
				LOCALIZATION_PREFERS_STRING_CATALOGS = YES;
				MACOSX_DEPLOYMENT_TARGET = 14.0;
				MTL_ENABLE_DEBUG_INFO = NO;
				MTL_FAST_MATH = YES;
				SDKROOT = macosx;
				SWIFT_COMPILATION_MODE = wholemodule;
			};
			name = Release;
		};
		A11DCEBD2AF067A700DC3F75 /* Debug */ = {
			isa = XCBuildConfiguration;
			buildSettings = {
				ASSETCATALOG_COMPILER_APPICON_NAME = AppIcon;
				ASSETCATALOG_COMPILER_GLOBAL_ACCENT_COLOR_NAME = AccentColor;
				CODE_SIGN_ENTITLEMENTS = blah2/blah2.entitlements;
				"CODE_SIGN_IDENTITY[sdk=macosx*]" = "Apple Development";
				CODE_SIGN_STYLE = Automatic;
				COMBINE_HIDPI_IMAGES = YES;
				CURRENT_PROJECT_VERSION = 1;
				DEVELOPMENT_ASSET_PATHS = "\"blah2/Preview Content\"";
				DEVELOPMENT_TEAM = 7CEGD9J734;
				ENABLE_HARDENED_RUNTIME = YES;
				ENABLE_PREVIEWS = YES;
				GENERATE_INFOPLIST_FILE = YES;
				INFOPLIST_KEY_NSHumanReadableCopyright = "";
				LD_RUNPATH_SEARCH_PATHS = (
					"$(inherited)",
					"@executable_path/../Frameworks",
				);
				MARKETING_VERSION = 1.0;
				PRODUCT_BUNDLE_IDENTIFIER = net.xmtp.j.blah2;
				PRODUCT_NAME = "$(TARGET_NAME)";
				SWIFT_EMIT_LOC_STRINGS = YES;
				SWIFT_VERSION = 5.0;
			};
			name = Debug;
		};
		A11DCEBE2AF067A700DC3F75 /* Release */ = {
			isa = XCBuildConfiguration;
			buildSettings = {
				ASSETCATALOG_COMPILER_APPICON_NAME = AppIcon;
				ASSETCATALOG_COMPILER_GLOBAL_ACCENT_COLOR_NAME = AccentColor;
				CODE_SIGN_ENTITLEMENTS = blah2/blah2.entitlements;
				"CODE_SIGN_IDENTITY[sdk=macosx*]" = "Apple Development";
				CODE_SIGN_STYLE = Automatic;
				COMBINE_HIDPI_IMAGES = YES;
				CURRENT_PROJECT_VERSION = 1;
				DEVELOPMENT_ASSET_PATHS = "\"blah2/Preview Content\"";
				DEVELOPMENT_TEAM = 7CEGD9J734;
				ENABLE_HARDENED_RUNTIME = YES;
				ENABLE_PREVIEWS = YES;
				GENERATE_INFOPLIST_FILE = YES;
				INFOPLIST_KEY_NSHumanReadableCopyright = "";
				LD_RUNPATH_SEARCH_PATHS = (
					"$(inherited)",
					"@executable_path/../Frameworks",
				);
				MARKETING_VERSION = 1.0;
				PRODUCT_BUNDLE_IDENTIFIER = net.xmtp.j.blah2;
				PRODUCT_NAME = "$(TARGET_NAME)";
				SWIFT_EMIT_LOC_STRINGS = YES;
				SWIFT_VERSION = 5.0;
			};
			name = Release;
		};
/* End XCBuildConfiguration section */

/* Begin XCConfigurationList section */
		A11DCEA82AF067A500DC3F75 /* Build configuration list for PBXProject "blah2" */ = {
			isa = XCConfigurationList;
			buildConfigurations = (
				A11DCEBA2AF067A700DC3F75 /* Debug */,
				A11DCEBB2AF067A700DC3F75 /* Release */,
			);
			defaultConfigurationIsVisible = 0;
			defaultConfigurationName = Release;
		};
		A11DCEBC2AF067A700DC3F75 /* Build configuration list for PBXNativeTarget "blah2" */ = {
			isa = XCConfigurationList;
			buildConfigurations = (
				A11DCEBD2AF067A700DC3F75 /* Debug */,
				A11DCEBE2AF067A700DC3F75 /* Release */,
			);
			defaultConfigurationIsVisible = 0;
			defaultConfigurationName = Release;
		};
/* End XCConfigurationList section */
	};
	rootObject = A11DCEA52AF067A500DC3F75 /* Project object */;
}
